# This file is automatically @generated by Cargo.
# It is not intended for manual editing.
version = 3

[[package]]
name = "build-target"
version = "0.4.0"
source = "registry+https://github.com/rust-lang/crates.io-index"
checksum = "832133bbabbbaa9fbdba793456a2827627a7d2b8fb96032fa1e7666d7895832b"

[[package]]
name = "k230-sys"
version = "0.1.0"
dependencies = [
 "build-target",
]

[[package]]
name = "k230_hal"
version = "0.1.0"
dependencies = [
 "k230-sys",
]
